
Microsoft Visual Studio Solution File, Format Version 12.00
# Visual Studio Version 17
VisualStudioVersion = 17.3.32825.248
MinimumVisualStudioVersion = 10.0.40219.1
Project("{FAE04EC0-301F-11D3-BF4B-00C04F79EFBC}") = "StarFleetBattles", "StarFleetBattles\StarFleetBattles.csproj", "{D4477660-0EAC-44C3-A6B2-1F7088720FBF}"
EndProject
Global
	GlobalSection(SolutionConfigurationPlatforms) = preSolution
		Debug|Any CPU = Debug|Any CPU
		Release|Any CPU = Release|Any CPU
	EndGlobalSection
	GlobalSection(ProjectConfigurationPlatforms) = postSolution
		{D4477660-0EAC-44C3-A6B2-1F7088720FBF}.Debug|Any CPU.ActiveCfg = Debug|Any CPU
		{D4477660-0EAC-44C3-A6B2-1F7088720FBF}.Debug|Any CPU.Build.0 = Debug|Any CPU
		{D4477660-0EAC-44C3-A6B2-1F7088720FBF}.Release|Any CPU.ActiveCfg = Release|Any CPU
		{D4477660-0EAC-44C3-A6B2-1F7088720FBF}.Release|Any CPU.Build.0 = Release|Any CPU
	EndGlobalSection
	GlobalSection(SolutionProperties) = preSolution
		HideSolutionNode = FALSE
	EndGlobalSection
	GlobalSection(ExtensibilityGlobals) = postSolution
		SolutionGuid = {A1DA7E13-0B37-4413-BDE2-0DBDC64D2829}
	EndGlobalSection
EndGlobal
